
Microsoft Visual Studio Solution File, Format Version 12.00
# Visual Studio Version 17
VisualStudioVersion = 17.4.33110.190
MinimumVisualStudioVersion = 10.0.40219.1
Project("{FAE04EC0-301F-11D3-BF4B-00C04F79EFBC}") = "LuckyFish.MarkdownSharp", "LuckyFish.MarkdownSharp\LuckyFish.MarkdownSharp.csproj", "{3959E0F6-9856-4AB3-AA1D-30F26726FFDC}"
EndProject
Project("{FAE04EC0-301F-11D3-BF4B-00C04F79EFBC}") = "LuckyFish.MarkdownSharp.Lib", "LuckyFish.MarkdownSharp.Lib\LuckyFish.MarkdownSharp.Lib.csproj", "{3C4C7440-0365-4928-8D92-1B92C0E1801A}"
EndProject
Global
	GlobalSection(SolutionConfigurationPlatforms) = preSolution
		Debug|Any CPU = Debug|Any CPU
		Release|Any CPU = Release|Any CPU
	EndGlobalSection
	GlobalSection(ProjectConfigurationPlatforms) = postSolution
		{3959E0F6-9856-4AB3-AA1D-30F26726FFDC}.Debug|Any CPU.ActiveCfg = Debug|Any CPU
		{3959E0F6-9856-4AB3-AA1D-30F26726FFDC}.Debug|Any CPU.Build.0 = Debug|Any CPU
		{3959E0F6-9856-4AB3-AA1D-30F26726FFDC}.Release|Any CPU.ActiveCfg = Release|Any CPU
		{3959E0F6-9856-4AB3-AA1D-30F26726FFDC}.Release|Any CPU.Build.0 = Release|Any CPU
		{3C4C7440-0365-4928-8D92-1B92C0E1801A}.Debug|Any CPU.ActiveCfg = Debug|Any CPU
		{3C4C7440-0365-4928-8D92-1B92C0E1801A}.Debug|Any CPU.Build.0 = Debug|Any CPU
		{3C4C7440-0365-4928-8D92-1B92C0E1801A}.Release|Any CPU.ActiveCfg = Release|Any CPU
		{3C4C7440-0365-4928-8D92-1B92C0E1801A}.Release|Any CPU.Build.0 = Release|Any CPU
	EndGlobalSection
	GlobalSection(SolutionProperties) = preSolution
		HideSolutionNode = FALSE
	EndGlobalSection
	GlobalSection(ExtensibilityGlobals) = postSolution
		SolutionGuid = {C07B08BE-364F-4D61-B46E-09120668E524}
	EndGlobalSection
EndGlobal
